{
  "name": "static-pools",
  "version": "1.0.0",
  "lockfileVersion": 1,
  "requires": true,
  "dependencies": {
    "node-worker-threads-pool": {
      "version": "1.5.0",
      "resolved": "https://registry.npmjs.org/node-worker-threads-pool/-/node-worker-threads-pool-1.5.0.tgz",
      "integrity": "sha512-UYQdl4/MPd7wWFXCdGU9T9T1One7o1xD6CbNPeAyeNZV66Ib0WrFqW2dO2/UP1yiMwlnu91GQ76u/xnRcFRVmg=="
    }
  }
}
